
Microsoft Visual Studio Solution File, Format Version 12.00
# Visual Studio Version 17
VisualStudioVersion = 17.13.35931.197
MinimumVisualStudioVersion = 10.0.40219.1
Project("{FAE04EC0-301F-11D3-BF4B-00C04F79EFBC}") = "1", "1\1.csproj", "{053248CA-2430-49CB-9A89-E5FA89501B33}"
EndProject
Global
	GlobalSection(SolutionConfigurationPlatforms) = preSolution
		Debug|Any CPU = Debug|Any CPU
		Release|Any CPU = Release|Any CPU
	EndGlobalSection
	GlobalSection(ProjectConfigurationPlatforms) = postSolution
		{053248CA-2430-49CB-9A89-E5FA89501B33}.Debug|Any CPU.ActiveCfg = Debug|Any CPU
		{053248CA-2430-49CB-9A89-E5FA89501B33}.Debug|Any CPU.Build.0 = Debug|Any CPU
		{053248CA-2430-49CB-9A89-E5FA89501B33}.Release|Any CPU.ActiveCfg = Release|Any CPU
		{053248CA-2430-49CB-9A89-E5FA89501B33}.Release|Any CPU.Build.0 = Release|Any CPU
	EndGlobalSection
	GlobalSection(SolutionProperties) = preSolution
		HideSolutionNode = FALSE
	EndGlobalSection
	GlobalSection(ExtensibilityGlobals) = postSolution
		SolutionGuid = {1975A97D-59F9-4C96-A4F3-F7CC3E735EE9}
	EndGlobalSection
EndGlobal
